
Microsoft Visual Studio Solution File, Format Version 12.00
# Visual Studio Version 17
VisualStudioVersion = 17.13.35828.75
MinimumVisualStudioVersion = 10.0.40219.1
Project("{FAE04EC0-301F-11D3-BF4B-00C04F79EFBC}") = "FlashcardsApp.Web", "FlashcardsAppWeb\FlashcardsApp.Web.csproj", "{99621BEC-3408-4376-9887-B54E4CE29881}"
EndProject
Project("{FAE04EC0-301F-11D3-BF4B-00C04F79EFBC}") = "FlashcardsApp.Core", "FlashcardsApp.Core\FlashcardsApp.Core.csproj", "{99137443-E503-4C38-99F2-566B5119CA93}"
EndProject
Project("{FAE04EC0-301F-11D3-BF4B-00C04F79EFBC}") = "FlashcardsApp.Infrastructure", "FlashcardsApp.Infrastructure\FlashcardsApp.Infrastructure.csproj", "{CE089B55-A54D-46CC-9ADC-D89534337299}"
EndProject
Global
	GlobalSection(SolutionConfigurationPlatforms) = preSolution
		Debug|Any CPU = Debug|Any CPU
		Release|Any CPU = Release|Any CPU
	EndGlobalSection
	GlobalSection(ProjectConfigurationPlatforms) = postSolution
		{99621BEC-3408-4376-9887-B54E4CE29881}.Debug|Any CPU.ActiveCfg = Debug|Any CPU
		{99621BEC-3408-4376-9887-B54E4CE29881}.Debug|Any CPU.Build.0 = Debug|Any CPU
		{99621BEC-3408-4376-9887-B54E4CE29881}.Release|Any CPU.ActiveCfg = Release|Any CPU
		{99621BEC-3408-4376-9887-B54E4CE29881}.Release|Any CPU.Build.0 = Release|Any CPU
		{99137443-E503-4C38-99F2-566B5119CA93}.Debug|Any CPU.ActiveCfg = Debug|Any CPU
		{99137443-E503-4C38-99F2-566B5119CA93}.Debug|Any CPU.Build.0 = Debug|Any CPU
		{99137443-E503-4C38-99F2-566B5119CA93}.Release|Any CPU.ActiveCfg = Release|Any CPU
		{99137443-E503-4C38-99F2-566B5119CA93}.Release|Any CPU.Build.0 = Release|Any CPU
		{CE089B55-A54D-46CC-9ADC-D89534337299}.Debug|Any CPU.ActiveCfg = Debug|Any CPU
		{CE089B55-A54D-46CC-9ADC-D89534337299}.Debug|Any CPU.Build.0 = Debug|Any CPU
		{CE089B55-A54D-46CC-9ADC-D89534337299}.Release|Any CPU.ActiveCfg = Release|Any CPU
		{CE089B55-A54D-46CC-9ADC-D89534337299}.Release|Any CPU.Build.0 = Release|Any CPU
	EndGlobalSection
	GlobalSection(SolutionProperties) = preSolution
		HideSolutionNode = FALSE
	EndGlobalSection
	GlobalSection(ExtensibilityGlobals) = postSolution
		SolutionGuid = {0F213A34-E94F-40CF-AA7A-D1C03E6D8EC6}
	EndGlobalSection
EndGlobal
